
Microsoft Visual Studio Solution File, Format Version 12.00
# Visual Studio Version 17
VisualStudioVersion = 17.3.32922.545
MinimumVisualStudioVersion = 10.0.40219.1
Project("{FAE04EC0-301F-11D3-BF4B-00C04F79EFBC}") = "CoolLibrary", "CoolLibrary\CoolLibrary.csproj", "{0DA9C6F0-4023-44C5-962B-10A5A0A29DC6}"
EndProject
Global
	GlobalSection(SolutionConfigurationPlatforms) = preSolution
		Debug|Any CPU = Debug|Any CPU
		Release|Any CPU = Release|Any CPU
	EndGlobalSection
	GlobalSection(ProjectConfigurationPlatforms) = postSolution
		{0DA9C6F0-4023-44C5-962B-10A5A0A29DC6}.Debug|Any CPU.ActiveCfg = Debug|Any CPU
		{0DA9C6F0-4023-44C5-962B-10A5A0A29DC6}.Debug|Any CPU.Build.0 = Debug|Any CPU
		{0DA9C6F0-4023-44C5-962B-10A5A0A29DC6}.Release|Any CPU.ActiveCfg = Release|Any CPU
		{0DA9C6F0-4023-44C5-962B-10A5A0A29DC6}.Release|Any CPU.Build.0 = Release|Any CPU
	EndGlobalSection
	GlobalSection(SolutionProperties) = preSolution
		HideSolutionNode = FALSE
	EndGlobalSection
	GlobalSection(ExtensibilityGlobals) = postSolution
		SolutionGuid = {D1216C42-3FEB-4156-ADA2-642696316259}
	EndGlobalSection
EndGlobal
